// !$*UTF8*$!
{
	archiveVersion = 1;
	classes = {
	};
	objectVersion = 46;
	objects = {

/* Begin PBXBuildFile section */
		3FD5CF251CB2EFD000F07D44 /* AppDelegate.swift in Sources */ = {isa = PBXBuildFile; fileRef = 3FD5CF241CB2EFD000F07D44 /* AppDelegate.swift */; };
		3FD5CF271CB2EFD000F07D44 /* ViewController.swift in Sources */ = {isa = PBXBuildFile; fileRef = 3FD5CF261CB2EFD000F07D44 /* ViewController.swift */; };
		3FD5CF2A1CB2EFD000F07D44 /* Main.storyboard in Resources */ = {isa = PBXBuildFile; fileRef = 3FD5CF281CB2EFD000F07D44 /* Main.storyboard */; };
		3FD5CF2C1CB2EFD000F07D44 /* Assets.xcassets in Resources */ = {isa = PBXBuildFile; fileRef = 3FD5CF2B1CB2EFD000F07D44 /* Assets.xcassets */; };
		3FD5CF2F1CB2EFD000F07D44 /* LaunchScreen.storyboard in Resources */ = {isa = PBXBuildFile; fileRef = 3FD5CF2D1CB2EFD000F07D44 /* LaunchScreen.storyboard */; };
		3FD5CF3A1CB2EFD000F07D44 /* isbnTests.swift in Sources */ = {isa = PBXBuildFile; fileRef = 3FD5CF391CB2EFD000F07D44 /* isbnTests.swift */; };
/* End PBXBuildFile section */

/* Begin PBXContainerItemProxy section */
		3FD5CF361CB2EFD000F07D44 /* PBXContainerItemProxy */ = {
			isa = PBXContainerItemProxy;
			containerPortal = 3FD5CF191CB2EFD000F07D44 /* Project object */;
			proxyType = 1;
			remoteGlobalIDString = 3FD5CF201CB2EFD000F07D44;
			remoteInfo = isbn;
		};
/* End PBXContainerItemProxy section */

/* Begin PBXFileReference section */
		3FD5CF211CB2EFD000F07D44 /* isbn.app */ = {isa = PBXFileReference; explicitFileType = wrapper.application; includeInIndex = 0; path = isbn.app; sourceTree = BUILT_PRODUCTS_DIR; };
		3FD5CF241CB2EFD000F07D44 /* AppDelegate.swift */ = {isa = PBXFileReference; lastKnownFileType = sourcecode.swift; path = AppDelegate.swift; sourceTree = "<group>"; };
		3FD5CF261CB2EFD000F07D44 /* ViewController.swift */ = {isa = PBXFileReference; lastKnownFileType = sourcecode.swift; path = ViewController.swift; sourceTree = "<group>"; };
		3FD5CF291CB2EFD000F07D44 /* Base */ = {isa = PBXFileReference; lastKnownFileType = file.storyboard; name = Base; path = Base.lproj/Main.storyboard; sourceTree = "<group>"; };
		3FD5CF2B1CB2EFD000F07D44 /* Assets.xcassets */ = {isa = PBXFileReference; lastKnownFileType = folder.assetcatalog; path = Assets.xcassets; sourceTree = "<group>"; };
		3FD5CF2E1CB2EFD000F07D44 /* Base */ = {isa = PBXFileReference; lastKnownFileType = file.storyboard; name = Base; path = Base.lproj/LaunchScreen.storyboard; sourceTree = "<group>"; };
		3FD5CF301CB2EFD000F07D44 /* Info.plist */ = {isa = PBXFileReference; lastKnownFileType = text.plist.xml; path = Info.plist; sourceTree = "<group>"; };
		3FD5CF351CB2EFD000F07D44 /* isbnTests.xctest */ = {isa = PBXFileReference; explicitFileType = wrapper.cfbundle; includeInIndex = 0; path = isbnTests.xctest; sourceTree = BUILT_PRODUCTS_DIR; };
		3FD5CF391CB2EFD000F07D44 /* isbnTests.swift */ = {isa = PBXFileReference; lastKnownFileType = sourcecode.swift; path = isbnTests.swift; sourceTree = "<group>"; };
		3FD5CF3B1CB2EFD000F07D44 /* Info.plist */ = {isa = PBXFileReference; lastKnownFileType = text.plist.xml; path = Info.plist; sourceTree = "<group>"; };
/* End PBXFileReference section */

/* Begin PBXFrameworksBuildPhase section */
		3FD5CF1E1CB2EFD000F07D44 /* Frameworks */ = {
			isa = PBXFrameworksBuildPhase;
			buildActionMask = 2147483647;
			files = (
			);
			runOnlyForDeploymentPostprocessing = 0;
		};
		3FD5CF321CB2EFD000F07D44 /* Frameworks */ = {
			isa = PBXFrameworksBuildPhase;
			buildActionMask = 2147483647;
			files = (
			);
			runOnlyForDeploymentPostprocessing = 0;
		};
/* End PBXFrameworksBuildPhase section */

/* Begin PBXGroup section */
		3FD5CF181CB2EFD000F07D44 = {
			isa = PBXGroup;
			children = (
				3FD5CF231CB2EFD000F07D44 /* isbn */,
				3FD5CF381CB2EFD000F07D44 /* isbnTests */,
				3FD5CF221CB2EFD000F07D44 /* Products */,
			);
			sourceTree = "<group>";
		};
		3FD5CF221CB2EFD000F07D44 /* Products */ = {
			isa = PBXGroup;
			children = (
				3FD5CF211CB2EFD000F07D44 /* isbn.app */,
				3FD5CF351CB2EFD000F07D44 /* isbnTests.xctest */,
			);
			name = Products;
			sourceTree = "<group>";
		};
		3FD5CF231CB2EFD000F07D44 /* isbn */ = {
			isa = PBXGroup;
			children = (
				3FD5CF241CB2EFD000F07D44 /* AppDelegate.swift */,
				3FD5CF261CB2EFD000F07D44 /* ViewController.swift */,
				3FD5CF281CB2EFD000F07D44 /* Main.storyboard */,
				3FD5CF2B1CB2EFD000F07D44 /* Assets.xcassets */,
				3FD5CF2D1CB2EFD000F07D44 /* LaunchScreen.storyboard */,
				3FD5CF301CB2EFD000F07D44 /* Info.plist */,
			);
			path = isbn;
			sourceTree = "<group>";
		};
		3FD5CF381CB2EFD000F07D44 /* isbnTests */ = {
			isa = PBXGroup;
			children = (
				3FD5CF391CB2EFD000F07D44 /* isbnTests.swift */,
				3FD5CF3B1CB2EFD000F07D44 /* Info.plist */,
			);
			path = isbnTests;
			sourceTree = "<group>";
		};
/* End PBXGroup section */

/* Begin PBXNativeTarget section */
		3FD5CF201CB2EFD000F07D44 /* isbn */ = {
			isa = PBXNativeTarget;
			buildConfigurationList = 3FD5CF3E1CB2EFD000F07D44 /* Build configuration list for PBXNativeTarget "isbn" */;
			buildPhases = (
				3FD5CF1D1CB2EFD000F07D44 /* Sources */,
				3FD5CF1E1CB2EFD000F07D44 /* Frameworks */,
				3FD5CF1F1CB2EFD000F07D44 /* Resources */,
			);
			buildRules = (
			);
			dependencies = (
			);
			name = isbn;
			productName = isbn;
			productReference = 3FD5CF211CB2EFD000F07D44 /* isbn.app */;
			productType = "com.apple.product-type.application";
		};
		3FD5CF341CB2EFD000F07D44 /* isbnTests */ = {
			isa = PBXNativeTarget;
			buildConfigurationList = 3FD5CF411CB2EFD000F07D44 /* Build configuration list for PBXNativeTarget "isbnTests" */;
			buildPhases = (
				3FD5CF311CB2EFD000F07D44 /* Sources */,
				3FD5CF321CB2EFD000F07D44 /* Frameworks */,
				3FD5CF331CB2EFD000F07D44 /* Resources */,
			);
			buildRules = (
			);
			dependencies = (
				3FD5CF371CB2EFD000F07D44 /* PBXTargetDependency */,
			);
			name = isbnTests;
			productName = isbnTests;
			productReference = 3FD5CF351CB2EFD000F07D44 /* isbnTests.xctest */;
			productType = "com.apple.product-type.bundle.unit-test";
		};
/* End PBXNativeTarget section */

/* Begin PBXProject section */
		3FD5CF191CB2EFD000F07D44 /* Project object */ = {
			isa = PBXProject;
			attributes = {
				LastSwiftUpdateCheck = 0730;
				LastUpgradeCheck = 0730;
				ORGANIZATIONNAME = "Guillermo Asencio Sanchez";
				TargetAttributes = {
					3FD5CF201CB2EFD000F07D44 = {
						CreatedOnToolsVersion = 7.3;
						DevelopmentTeam = UJY2XMDH39;
					};
					3FD5CF341CB2EFD000F07D44 = {
						CreatedOnToolsVersion = 7.3;
						DevelopmentTeam = UJY2XMDH39;
						TestTargetID = 3FD5CF201CB2EFD000F07D44;
					};
				};
			};
			buildConfigurationList = 3FD5CF1C1CB2EFD000F07D44 /* Build configuration list for PBXProject "isbn" */;
			compatibilityVersion = "Xcode 3.2";
			developmentRegion = English;
			hasScannedForEncodings = 0;
			knownRegions = (
				en,
				Base,
			);
			mainGroup = 3FD5CF181CB2EFD000F07D44;
			productRefGroup = 3FD5CF221CB2EFD000F07D44 /* Products */;
			projectDirPath = "";
			projectRoot = "";
			targets = (
				3FD5CF201CB2EFD000F07D44 /* isbn */,
				3FD5CF341CB2EFD000F07D44 /* isbnTests */,
			);
		};
/* End PBXProject section */

/* Begin PBXResourcesBuildPhase section */
		3FD5CF1F1CB2EFD000F07D44 /* Resources */ = {
			isa = PBXResourcesBuildPhase;
			buildActionMask = 2147483647;
			files = (
				3FD5CF2F1CB2EFD000F07D44 /* LaunchScreen.storyboard in Resources */,
				3FD5CF2C1CB2EFD000F07D44 /* Assets.xcassets in Resources */,
				3FD5CF2A1CB2EFD000F07D44 /* Main.storyboard in Resources */,
			);
			runOnlyForDeploymentPostprocessing = 0;
		};
		3FD5CF331CB2EFD000F07D44 /* Resources */ = {
			isa = PBXResourcesBuildPhase;
			buildActionMask = 2147483647;
			files = (
			);
			runOnlyForDeploymentPostprocessing = 0;
		};
/* End PBXResourcesBuildPhase section */

/* Begin PBXSourcesBuildPhase section */
		3FD5CF1D1CB2EFD000F07D44 /* Sources */ = {
			isa = PBXSourcesBuildPhase;
			buildActionMask = 2147483647;
			files = (
				3FD5CF271CB2EFD000F07D44 /* ViewController.swift in Sources */,
				3FD5CF251CB2EFD000F07D44 /* AppDelegate.swift in Sources */,
			);
			runOnlyForDeploymentPostprocessing = 0;
		};
		3FD5CF311CB2EFD000F07D44 /* Sources */ = {
			isa = PBXSourcesBuildPhase;
			buildActionMask = 2147483647;
			files = (
				3FD5CF3A1CB2EFD000F07D44 /* isbnTests.swift in Sources */,
			);
			runOnlyForDeploymentPostprocessing = 0;
		};
/* End PBXSourcesBuildPhase section */

/* Begin PBXTargetDependency section */
		3FD5CF371CB2EFD000F07D44 /* PBXTargetDependency */ = {
			isa = PBXTargetDependency;
			target = 3FD5CF201CB2EFD000F07D44 /* isbn */;
			targetProxy = 3FD5CF361CB2EFD000F07D44 /* PBXContainerItemProxy */;
		};
/* End PBXTargetDependency section */

/* Begin PBXVariantGroup section */
		3FD5CF281CB2EFD000F07D44 /* Main.storyboard */ = {
			isa = PBXVariantGroup;
			children = (
				3FD5CF291CB2EFD000F07D44 /* Base */,
			);
			name = Main.storyboard;
			sourceTree = "<group>";
		};
		3FD5CF2D1CB2EFD000F07D44 /* LaunchScreen.storyboard */ = {
			isa = PBXVariantGroup;
			children = (
				3FD5CF2E1CB2EFD000F07D44 /* Base */,
			);
			name = LaunchScreen.storyboard;
			sourceTree = "<group>";
		};
/* End PBXVariantGroup section */

/* Begin XCBuildConfiguration section */
		3FD5CF3C1CB2EFD000F07D44 /* Debug */ = {
			isa = XCBuildConfiguration;
			buildSettings = {
				ALWAYS_SEARCH_USER_PATHS = NO;
				CLANG_ANALYZER_NONNULL = YES;
				CLANG_CXX_LANGUAGE_STANDARD = "gnu++0x";
				CLANG_CXX_LIBRARY = "libc++";
				CLANG_ENABLE_MODULES = YES;
				CLANG_ENABLE_OBJC_ARC = YES;
				CLANG_WARN_BOOL_CONVERSION = YES;
				CLANG_WARN_CONSTANT_CONVERSION = YES;
				CLANG_WARN_DIRECT_OBJC_ISA_USAGE = YES_ERROR;
				CLANG_WARN_EMPTY_BODY = YES;
				CLANG_WARN_ENUM_CONVERSION = YES;
				CLANG_WARN_INT_CONVERSION = YES;
				CLANG_WARN_OBJC_ROOT_CLASS = YES_ERROR;
				CLANG_WARN_UNREACHABLE_CODE = YES;
				CLANG_WARN__DUPLICATE_METHOD_MATCH = YES;
				"CODE_SIGN_IDENTITY[sdk=iphoneos*]" = "iPhone Developer";
				COPY_PHASE_STRIP = NO;
				DEBUG_INFORMATION_FORMAT = dwarf;
				ENABLE_STRICT_OBJC_MSGSEND = YES;
				ENABLE_TESTABILITY = YES;
				GCC_C_LANGUAGE_STANDARD = gnu99;
				GCC_DYNAMIC_NO_PIC = NO;
				GCC_NO_COMMON_BLOCKS = YES;
				GCC_OPTIMIZATION_LEVEL = 0;
				GCC_PREPROCESSOR_DEFINITIONS = (
					"DEBUG=1",
					"$(inherited)",
				);
				GCC_WARN_64_TO_32_BIT_CONVERSION = YES;
				GCC_WARN_ABOUT_RETURN_TYPE = YES_ERROR;
				GCC_WARN_UNDECLARED_SELECTOR = YES;
				GCC_WARN_UNINITIALIZED_AUTOS = YES_AGGRESSIVE;
				GCC_WARN_UNUSED_FUNCTION = YES;
				GCC_WARN_UNUSED_VARIABLE = YES;
				IPHONEOS_DEPLOYMENT_TARGET = 9.3;
				MTL_ENABLE_DEBUG_INFO = YES;
				ONLY_ACTIVE_ARCH = YES;
				SDKROOT = iphoneos;
				SWIFT_OPTIMIZATION_LEVEL = "-Onone";
				TARGETED_DEVICE_FAMILY = "1,2";
			};
			name = Debug;
		};
		3FD5CF3D1CB2EFD000F07D44 /* Release */ = {
			isa = XCBuildConfiguration;
			buildSettings = {
				ALWAYS_SEARCH_USER_PATHS = NO;
				CLANG_ANALYZER_NONNULL = YES;
				CLANG_CXX_LANGUAGE_STANDARD = "gnu++0x";
				CLANG_CXX_LIBRARY = "libc++";
				CLANG_ENABLE_MODULES = YES;
				CLANG_ENABLE_OBJC_ARC = YES;
				CLANG_WARN_BOOL_CONVERSION = YES;
				CLANG_WARN_CONSTANT_CONVERSION = YES;
				CLANG_WARN_DIRECT_OBJC_ISA_USAGE = YES_ERROR;
				CLANG_WARN_EMPTY_BODY = YES;
				CLANG_WARN_ENUM_CONVERSION = YES;
				CLANG_WARN_INT_CONVERSION = YES;
				CLANG_WARN_OBJC_ROOT_CLASS = YES_ERROR;
				CLANG_WARN_UNREACHABLE_CODE = YES;
				CLANG_WARN__DUPLICATE_METHOD_MATCH = YES;
				"CODE_SIGN_IDENTITY[sdk=iphoneos*]" = "iPhone Developer";
				COPY_PHASE_STRIP = NO;
				DEBUG_INFORMATION_FORMAT = "dwarf-with-dsym";
				ENABLE_NS_ASSERTIONS = NO;
				ENABLE_STRICT_OBJC_MSGSEND = YES;
				GCC_C_LANGUAGE_STANDARD = gnu99;
				GCC_NO_COMMON_BLOCKS = YES;
				GCC_WARN_64_TO_32_BIT_CONVERSION = YES;
				GCC_WARN_ABOUT_RETURN_TYPE = YES_ERROR;
				GCC_WARN_UNDECLARED_SELECTOR = YES;
				GCC_WARN_UNINITIALIZED_AUTOS = YES_AGGRESSIVE;
				GCC_WARN_UNUSED_FUNCTION = YES;
				GCC_WARN_UNUSED_VARIABLE = YES;
				IPHONEOS_DEPLOYMENT_TARGET = 9.3;
				MTL_ENABLE_DEBUG_INFO = NO;
				SDKROOT = iphoneos;
				TARGETED_DEVICE_FAMILY = "1,2";
				VALIDATE_PRODUCT = YES;
			};
			name = Release;
		};
		3FD5CF3F1CB2EFD000F07D44 /* Debug */ = {
			isa = XCBuildConfiguration;
			buildSettings = {
				ASSETCATALOG_COMPILER_APPICON_NAME = AppIcon;
				INFOPLIST_FILE = isbn/Info.plist;
				LD_RUNPATH_SEARCH_PATHS = "$(inherited) @executable_path/Frameworks";
				PRODUCT_BUNDLE_IDENTIFIER = com.willassens.isbn;
				PRODUCT_NAME = "$(TARGET_NAME)";
			};
			name = Debug;
		};
		3FD5CF401CB2EFD000F07D44 /* Release */ = {
			isa = XCBuildConfiguration;
			buildSettings = {
				ASSETCATALOG_COMPILER_APPICON_NAME = AppIcon;
				INFOPLIST_FILE = isbn/Info.plist;
				LD_RUNPATH_SEARCH_PATHS = "$(inherited) @executable_path/Frameworks";
				PRODUCT_BUNDLE_IDENTIFIER = com.willassens.isbn;
				PRODUCT_NAME = "$(TARGET_NAME)";
			};
			name = Release;
		};
		3FD5CF421CB2EFD000F07D44 /* Debug */ = {
			isa = XCBuildConfiguration;
			buildSettings = {
				BUNDLE_LOADER = "$(TEST_HOST)";
				INFOPLIST_FILE = isbnTests/Info.plist;
				LD_RUNPATH_SEARCH_PATHS = "$(inherited) @executable_path/Frameworks @loader_path/Frameworks";
				PRODUCT_BUNDLE_IDENTIFIER = com.willassens.isbnTests;
				PRODUCT_NAME = "$(TARGET_NAME)";
				TEST_HOST = "$(BUILT_PRODUCTS_DIR)/isbn.app/isbn";
			};
			name = Debug;
		};
		3FD5CF431CB2EFD000F07D44 /* Release */ = {
			isa = XCBuildConfiguration;
			buildSettings = {
				BUNDLE_LOADER = "$(TEST_HOST)";
				INFOPLIST_FILE = isbnTests/Info.plist;
				LD_RUNPATH_SEARCH_PATHS = "$(inherited) @executable_path/Frameworks @loader_path/Frameworks";
				PRODUCT_BUNDLE_IDENTIFIER = com.willassens.isbnTests;
				PRODUCT_NAME = "$(TARGET_NAME)";
				TEST_HOST = "$(BUILT_PRODUCTS_DIR)/isbn.app/isbn";
			};
			name = Release;
		};
/* End XCBuildConfiguration section */

/* Begin XCConfigurationList section */
		3FD5CF1C1CB2EFD000F07D44 /* Build configuration list for PBXProject "isbn" */ = {
			isa = XCConfigurationList;
			buildConfigurations = (
				3FD5CF3C1CB2EFD000F07D44 /* Debug */,
				3FD5CF3D1CB2EFD000F07D44 /* Release */,
			);
			defaultConfigurationIsVisible = 0;
			defaultConfigurationName = Release;
		};
		3FD5CF3E1CB2EFD000F07D44 /* Build configuration list for PBXNativeTarget "isbn" */ = {
			isa = XCConfigurationList;
			buildConfigurations = (
				3FD5CF3F1CB2EFD000F07D44 /* Debug */,
				3FD5CF401CB2EFD000F07D44 /* Release */,
			);
			defaultConfigurationIsVisible = 0;
		};
		3FD5CF411CB2EFD000F07D44 /* Build configuration list for PBXNativeTarget "isbnTests" */ = {
			isa = XCConfigurationList;
			buildConfigurations = (
				3FD5CF421CB2EFD000F07D44 /* Debug */,
				3FD5CF431CB2EFD000F07D44 /* Release */,
			);
			defaultConfigurationIsVisible = 0;
		};
/* End XCConfigurationList section */
	};
	rootObject = 3FD5CF191CB2EFD000F07D44 /* Project object */;
}
